// !$*UTF8*$!
{
	archiveVersion = 1;
	classes = {
	};
	objectVersion = 51;
	objects = {

/* Begin PBXBuildFile section */
		183CED13BA5258C47CADB0DC /* Pods_MapApp_MapAppUITests.framework in Frameworks */ = {isa = PBXBuildFile; fileRef = 94974D07328717D0258F9E18 /* Pods_MapApp_MapAppUITests.framework */; };
		4C51267726D591AB003C9DD9 /* AppDelegate.swift in Sources */ = {isa = PBXBuildFile; fileRef = 4C51267626D591AB003C9DD9 /* AppDelegate.swift */; };
		4C51267926D591AB003C9DD9 /* SceneDelegate.swift in Sources */ = {isa = PBXBuildFile; fileRef = 4C51267826D591AB003C9DD9 /* SceneDelegate.swift */; };
		4C51267B26D591AB003C9DD9 /* ViewController.swift in Sources */ = {isa = PBXBuildFile; fileRef = 4C51267A26D591AB003C9DD9 /* ViewController.swift */; };
		4C51267E26D591AB003C9DD9 /* Main.storyboard in Resources */ = {isa = PBXBuildFile; fileRef = 4C51267C26D591AB003C9DD9 /* Main.storyboard */; };
		4C51268026D591AB003C9DD9 /* Assets.xcassets in Resources */ = {isa = PBXBuildFile; fileRef = 4C51267F26D591AB003C9DD9 /* Assets.xcassets */; };
		4C51268326D591AB003C9DD9 /* LaunchScreen.storyboard in Resources */ = {isa = PBXBuildFile; fileRef = 4C51268126D591AB003C9DD9 /* LaunchScreen.storyboard */; };
		4C51268E26D591AC003C9DD9 /* MapAppTests.swift in Sources */ = {isa = PBXBuildFile; fileRef = 4C51268D26D591AC003C9DD9 /* MapAppTests.swift */; };
		4C51269926D591AC003C9DD9 /* MapAppUITests.swift in Sources */ = {isa = PBXBuildFile; fileRef = 4C51269826D591AC003C9DD9 /* MapAppUITests.swift */; };
		4C5126A726D595C9003C9DD9 /* MapViewController.swift in Sources */ = {isa = PBXBuildFile; fileRef = 4C5126A626D595C9003C9DD9 /* MapViewController.swift */; };
		4C5126A826D5999E003C9DD9 /* Pods_MapApp.framework in Frameworks */ = {isa = PBXBuildFile; fileRef = 30B6F5366FEF337032E78672 /* Pods_MapApp.framework */; };
		7E1992B5E3FCDF4AA8B420BA /* Pods_MapAppTests.framework in Frameworks */ = {isa = PBXBuildFile; fileRef = 5F08BD798ACDFA6EB1661226 /* Pods_MapAppTests.framework */; };
/* End PBXBuildFile section */

/* Begin PBXContainerItemProxy section */
		4C51268A26D591AC003C9DD9 /* PBXContainerItemProxy */ = {
			isa = PBXContainerItemProxy;
			containerPortal = 4C51266B26D591AB003C9DD9 /* Project object */;
			proxyType = 1;
			remoteGlobalIDString = 4C51267226D591AB003C9DD9;
			remoteInfo = MapApp;
		};
		4C51269526D591AC003C9DD9 /* PBXContainerItemProxy */ = {
			isa = PBXContainerItemProxy;
			containerPortal = 4C51266B26D591AB003C9DD9 /* Project object */;
			proxyType = 1;
			remoteGlobalIDString = 4C51267226D591AB003C9DD9;
			remoteInfo = MapApp;
		};
/* End PBXContainerItemProxy section */

/* Begin PBXFileReference section */
		0D025A885F1491D10D40E127 /* Pods-MapAppTests.release.xcconfig */ = {isa = PBXFileReference; includeInIndex = 1; lastKnownFileType = text.xcconfig; name = "Pods-MapAppTests.release.xcconfig"; path = "Target Support Files/Pods-MapAppTests/Pods-MapAppTests.release.xcconfig"; sourceTree = "<group>"; };
		11202ECDDBCFF3D9371D6230 /* Pods-MapAppTests.debug.xcconfig */ = {isa = PBXFileReference; includeInIndex = 1; lastKnownFileType = text.xcconfig; name = "Pods-MapAppTests.debug.xcconfig"; path = "Target Support Files/Pods-MapAppTests/Pods-MapAppTests.debug.xcconfig"; sourceTree = "<group>"; };
		2882D7FAC6CD18D2B30BE9FF /* Pods-MapApp-MapAppUITests.debug.xcconfig */ = {isa = PBXFileReference; includeInIndex = 1; lastKnownFileType = text.xcconfig; name = "Pods-MapApp-MapAppUITests.debug.xcconfig"; path = "Target Support Files/Pods-MapApp-MapAppUITests/Pods-MapApp-MapAppUITests.debug.xcconfig"; sourceTree = "<group>"; };
		30B6F5366FEF337032E78672 /* Pods_MapApp.framework */ = {isa = PBXFileReference; explicitFileType = wrapper.framework; includeInIndex = 0; path = Pods_MapApp.framework; sourceTree = BUILT_PRODUCTS_DIR; };
		4C51267326D591AB003C9DD9 /* MapApp.app */ = {isa = PBXFileReference; explicitFileType = wrapper.application; includeInIndex = 0; path = MapApp.app; sourceTree = BUILT_PRODUCTS_DIR; };
		4C51267626D591AB003C9DD9 /* AppDelegate.swift */ = {isa = PBXFileReference; lastKnownFileType = sourcecode.swift; path = AppDelegate.swift; sourceTree = "<group>"; };
		4C51267826D591AB003C9DD9 /* SceneDelegate.swift */ = {isa = PBXFileReference; lastKnownFileType = sourcecode.swift; path = SceneDelegate.swift; sourceTree = "<group>"; };
		4C51267A26D591AB003C9DD9 /* ViewController.swift */ = {isa = PBXFileReference; lastKnownFileType = sourcecode.swift; path = ViewController.swift; sourceTree = "<group>"; };
		4C51267D26D591AB003C9DD9 /* Base */ = {isa = PBXFileReference; lastKnownFileType = file.storyboard; name = Base; path = Base.lproj/Main.storyboard; sourceTree = "<group>"; };
		4C51267F26D591AB003C9DD9 /* Assets.xcassets */ = {isa = PBXFileReference; lastKnownFileType = folder.assetcatalog; path = Assets.xcassets; sourceTree = "<group>"; };
		4C51268226D591AB003C9DD9 /* Base */ = {isa = PBXFileReference; lastKnownFileType = file.storyboard; name = Base; path = Base.lproj/LaunchScreen.storyboard; sourceTree = "<group>"; };
		4C51268426D591AB003C9DD9 /* Info.plist */ = {isa = PBXFileReference; lastKnownFileType = text.plist.xml; path = Info.plist; sourceTree = "<group>"; };
		4C51268926D591AC003C9DD9 /* MapAppTests.xctest */ = {isa = PBXFileReference; explicitFileType = wrapper.cfbundle; includeInIndex = 0; path = MapAppTests.xctest; sourceTree = BUILT_PRODUCTS_DIR; };
		4C51268D26D591AC003C9DD9 /* MapAppTests.swift */ = {isa = PBXFileReference; lastKnownFileType = sourcecode.swift; path = MapAppTests.swift; sourceTree = "<group>"; };
		4C51268F26D591AC003C9DD9 /* Info.plist */ = {isa = PBXFileReference; lastKnownFileType = text.plist.xml; path = Info.plist; sourceTree = "<group>"; };
		4C51269426D591AC003C9DD9 /* MapAppUITests.xctest */ = {isa = PBXFileReference; explicitFileType = wrapper.cfbundle; includeInIndex = 0; path = MapAppUITests.xctest; sourceTree = BUILT_PRODUCTS_DIR; };
		4C51269826D591AC003C9DD9 /* MapAppUITests.swift */ = {isa = PBXFileReference; lastKnownFileType = sourcecode.swift; path = MapAppUITests.swift; sourceTree = "<group>"; };
		4C51269A26D591AC003C9DD9 /* Info.plist */ = {isa = PBXFileReference; lastKnownFileType = text.plist.xml; path = Info.plist; sourceTree = "<group>"; };
		4C5126A626D595C9003C9DD9 /* MapViewController.swift */ = {isa = PBXFileReference; lastKnownFileType = sourcecode.swift; path = MapViewController.swift; sourceTree = "<group>"; };
		5F08BD798ACDFA6EB1661226 /* Pods_MapAppTests.framework */ = {isa = PBXFileReference; explicitFileType = wrapper.framework; includeInIndex = 0; path = Pods_MapAppTests.framework; sourceTree = BUILT_PRODUCTS_DIR; };
		67E8B7A4139E6C9B82BF51EE /* Pods-MapApp.release.xcconfig */ = {isa = PBXFileReference; includeInIndex = 1; lastKnownFileType = text.xcconfig; name = "Pods-MapApp.release.xcconfig"; path = "Target Support Files/Pods-MapApp/Pods-MapApp.release.xcconfig"; sourceTree = "<group>"; };
		94974D07328717D0258F9E18 /* Pods_MapApp_MapAppUITests.framework */ = {isa = PBXFileReference; explicitFileType = wrapper.framework; includeInIndex = 0; path = Pods_MapApp_MapAppUITests.framework; sourceTree = BUILT_PRODUCTS_DIR; };
		AD276D36258C3E14C05B2A6D /* Pods-MapApp.debug.xcconfig */ = {isa = PBXFileReference; includeInIndex = 1; lastKnownFileType = text.xcconfig; name = "Pods-MapApp.debug.xcconfig"; path = "Target Support Files/Pods-MapApp/Pods-MapApp.debug.xcconfig"; sourceTree = "<group>"; };
		D185E33740D9213D47F781CA /* Pods-MapApp-MapAppUITests.release.xcconfig */ = {isa = PBXFileReference; includeInIndex = 1; lastKnownFileType = text.xcconfig; name = "Pods-MapApp-MapAppUITests.release.xcconfig"; path = "Target Support Files/Pods-MapApp-MapAppUITests/Pods-MapApp-MapAppUITests.release.xcconfig"; sourceTree = "<group>"; };
/* End PBXFileReference section */

/* Begin PBXFrameworksBuildPhase section */
		4C51267026D591AB003C9DD9 /* Frameworks */ = {
			isa = PBXFrameworksBuildPhase;
			buildActionMask = 2147483647;
			files = (
				4C5126A826D5999E003C9DD9 /* Pods_MapApp.framework in Frameworks */,
			);
			runOnlyForDeploymentPostprocessing = 0;
		};
		4C51268626D591AC003C9DD9 /* Frameworks */ = {
			isa = PBXFrameworksBuildPhase;
			buildActionMask = 2147483647;
			files = (
				7E1992B5E3FCDF4AA8B420BA /* Pods_MapAppTests.framework in Frameworks */,
			);
			runOnlyForDeploymentPostprocessing = 0;
		};
		4C51269126D591AC003C9DD9 /* Frameworks */ = {
			isa = PBXFrameworksBuildPhase;
			buildActionMask = 2147483647;
			files = (
				183CED13BA5258C47CADB0DC /* Pods_MapApp_MapAppUITests.framework in Frameworks */,
			);
			runOnlyForDeploymentPostprocessing = 0;
		};
/* End PBXFrameworksBuildPhase section */

/* Begin PBXGroup section */
		1E11E810E7CFBCCB22863CBC /* Frameworks */ = {
			isa = PBXGroup;
			children = (
				30B6F5366FEF337032E78672 /* Pods_MapApp.framework */,
				94974D07328717D0258F9E18 /* Pods_MapApp_MapAppUITests.framework */,
				5F08BD798ACDFA6EB1661226 /* Pods_MapAppTests.framework */,
			);
			name = Frameworks;
			sourceTree = "<group>";
		};
		4C51266A26D591AB003C9DD9 = {
			isa = PBXGroup;
			children = (
				4C51267526D591AB003C9DD9 /* MapApp */,
				4C51268C26D591AC003C9DD9 /* MapAppTests */,
				4C51269726D591AC003C9DD9 /* MapAppUITests */,
				4C51267426D591AB003C9DD9 /* Products */,
				A7D1548FA1764083D84581F2 /* Pods */,
				1E11E810E7CFBCCB22863CBC /* Frameworks */,
			);
			sourceTree = "<group>";
		};
		4C51267426D591AB003C9DD9 /* Products */ = {
			isa = PBXGroup;
			children = (
				4C51267326D591AB003C9DD9 /* MapApp.app */,
				4C51268926D591AC003C9DD9 /* MapAppTests.xctest */,
				4C51269426D591AC003C9DD9 /* MapAppUITests.xctest */,
			);
			name = Products;
			sourceTree = "<group>";
		};
		4C51267526D591AB003C9DD9 /* MapApp */ = {
			isa = PBXGroup;
			children = (
				4C51267626D591AB003C9DD9 /* AppDelegate.swift */,
				4C51267826D591AB003C9DD9 /* SceneDelegate.swift */,
				4C51267A26D591AB003C9DD9 /* ViewController.swift */,
				4C51267C26D591AB003C9DD9 /* Main.storyboard */,
				4C5126A626D595C9003C9DD9 /* MapViewController.swift */,
				4C51267F26D591AB003C9DD9 /* Assets.xcassets */,
				4C51268126D591AB003C9DD9 /* LaunchScreen.storyboard */,
				4C51268426D591AB003C9DD9 /* Info.plist */,
			);
			path = MapApp;
			sourceTree = "<group>";
		};
		4C51268C26D591AC003C9DD9 /* MapAppTests */ = {
			isa = PBXGroup;
			children = (
				4C51268D26D591AC003C9DD9 /* MapAppTests.swift */,
				4C51268F26D591AC003C9DD9 /* Info.plist */,
			);
			path = MapAppTests;
			sourceTree = "<group>";
		};
		4C51269726D591AC003C9DD9 /* MapAppUITests */ = {
			isa = PBXGroup;
			children = (
				4C51269826D591AC003C9DD9 /* MapAppUITests.swift */,
				4C51269A26D591AC003C9DD9 /* Info.plist */,
			);
			path = MapAppUITests;
			sourceTree = "<group>";
		};
		A7D1548FA1764083D84581F2 /* Pods */ = {
			isa = PBXGroup;
			children = (
				AD276D36258C3E14C05B2A6D /* Pods-MapApp.debug.xcconfig */,
				67E8B7A4139E6C9B82BF51EE /* Pods-MapApp.release.xcconfig */,
				2882D7FAC6CD18D2B30BE9FF /* Pods-MapApp-MapAppUITests.debug.xcconfig */,
				D185E33740D9213D47F781CA /* Pods-MapApp-MapAppUITests.release.xcconfig */,
				11202ECDDBCFF3D9371D6230 /* Pods-MapAppTests.debug.xcconfig */,
				0D025A885F1491D10D40E127 /* Pods-MapAppTests.release.xcconfig */,
			);
			path = Pods;
			sourceTree = "<group>";
		};
/* End PBXGroup section */

/* Begin PBXNativeTarget section */
		4C51267226D591AB003C9DD9 /* MapApp */ = {
			isa = PBXNativeTarget;
			buildConfigurationList = 4C51269D26D591AC003C9DD9 /* Build configuration list for PBXNativeTarget "MapApp" */;
			buildPhases = (
				0D462C5C5D763976C38311DB /* [CP] Check Pods Manifest.lock */,
				4C51266F26D591AB003C9DD9 /* Sources */,
				4C51267026D591AB003C9DD9 /* Frameworks */,
				4C51267126D591AB003C9DD9 /* Resources */,
				B9C89F1369368CED7E349438 /* [CP] Copy Pods Resources */,
			);
			buildRules = (
			);
			dependencies = (
			);
			name = MapApp;
			productName = MapApp;
			productReference = 4C51267326D591AB003C9DD9 /* MapApp.app */;
			productType = "com.apple.product-type.application";
		};
		4C51268826D591AC003C9DD9 /* MapAppTests */ = {
			isa = PBXNativeTarget;
			buildConfigurationList = 4C5126A026D591AC003C9DD9 /* Build configuration list for PBXNativeTarget "MapAppTests" */;
			buildPhases = (
				BA2CA80BC767651DABEAC89B /* [CP] Check Pods Manifest.lock */,
				4C51268526D591AC003C9DD9 /* Sources */,
				4C51268626D591AC003C9DD9 /* Frameworks */,
				4C51268726D591AC003C9DD9 /* Resources */,
			);
			buildRules = (
			);
			dependencies = (
				4C51268B26D591AC003C9DD9 /* PBXTargetDependency */,
			);
			name = MapAppTests;
			productName = MapAppTests;
			productReference = 4C51268926D591AC003C9DD9 /* MapAppTests.xctest */;
			productType = "com.apple.product-type.bundle.unit-test";
		};
		4C51269326D591AC003C9DD9 /* MapAppUITests */ = {
			isa = PBXNativeTarget;
			buildConfigurationList = 4C5126A326D591AC003C9DD9 /* Build configuration list for PBXNativeTarget "MapAppUITests" */;
			buildPhases = (
				C6A9865E39C34A668B44FB52 /* [CP] Check Pods Manifest.lock */,
				4C51269026D591AC003C9DD9 /* Sources */,
				4C51269126D591AC003C9DD9 /* Frameworks */,
				4C51269226D591AC003C9DD9 /* Resources */,
				A30CC1F4F94A1957EAF040DC /* [CP] Copy Pods Resources */,
			);
			buildRules = (
			);
			dependencies = (
				4C51269626D591AC003C9DD9 /* PBXTargetDependency */,
			);
			name = MapAppUITests;
			productName = MapAppUITests;
			productReference = 4C51269426D591AC003C9DD9 /* MapAppUITests.xctest */;
			productType = "com.apple.product-type.bundle.ui-testing";
		};
/* End PBXNativeTarget section */

/* Begin PBXProject section */
		4C51266B26D591AB003C9DD9 /* Project object */ = {
			isa = PBXProject;
			attributes = {
				LastSwiftUpdateCheck = 1250;
				LastUpgradeCheck = 1250;
				TargetAttributes = {
					4C51267226D591AB003C9DD9 = {
						CreatedOnToolsVersion = 12.5.1;
					};
					4C51268826D591AC003C9DD9 = {
						CreatedOnToolsVersion = 12.5.1;
						TestTargetID = 4C51267226D591AB003C9DD9;
					};
					4C51269326D591AC003C9DD9 = {
						CreatedOnToolsVersion = 12.5.1;
						TestTargetID = 4C51267226D591AB003C9DD9;
					};
				};
			};
			buildConfigurationList = 4C51266E26D591AB003C9DD9 /* Build configuration list for PBXProject "MapApp" */;
			compatibilityVersion = "Xcode 9.3";
			developmentRegion = en;
			hasScannedForEncodings = 0;
			knownRegions = (
				en,
				Base,
			);
			mainGroup = 4C51266A26D591AB003C9DD9;
			productRefGroup = 4C51267426D591AB003C9DD9 /* Products */;
			projectDirPath = "";
			projectRoot = "";
			targets = (
				4C51267226D591AB003C9DD9 /* MapApp */,
				4C51268826D591AC003C9DD9 /* MapAppTests */,
				4C51269326D591AC003C9DD9 /* MapAppUITests */,
			);
		};
/* End PBXProject section */

/* Begin PBXResourcesBuildPhase section */
		4C51267126D591AB003C9DD9 /* Resources */ = {
			isa = PBXResourcesBuildPhase;
			buildActionMask = 2147483647;
			files = (
				4C51268326D591AB003C9DD9 /* LaunchScreen.storyboard in Resources */,
				4C51268026D591AB003C9DD9 /* Assets.xcassets in Resources */,
				4C51267E26D591AB003C9DD9 /* Main.storyboard in Resources */,
			);
			runOnlyForDeploymentPostprocessing = 0;
		};
		4C51268726D591AC003C9DD9 /* Resources */ = {
			isa = PBXResourcesBuildPhase;
			buildActionMask = 2147483647;
			files = (
			);
			runOnlyForDeploymentPostprocessing = 0;
		};
		4C51269226D591AC003C9DD9 /* Resources */ = {
			isa = PBXResourcesBuildPhase;
			buildActionMask = 2147483647;
			files = (
			);
			runOnlyForDeploymentPostprocessing = 0;
		};
/* End PBXResourcesBuildPhase section */

/* Begin PBXShellScriptBuildPhase section */
		0D462C5C5D763976C38311DB /* [CP] Check Pods Manifest.lock */ = {
			isa = PBXShellScriptBuildPhase;
			buildActionMask = 2147483647;
			files = (
			);
			inputFileListPaths = (
			);
			inputPaths = (
				"${PODS_PODFILE_DIR_PATH}/Podfile.lock",
				"${PODS_ROOT}/Manifest.lock",
			);
			name = "[CP] Check Pods Manifest.lock";
			outputFileListPaths = (
			);
			outputPaths = (
				"$(DERIVED_FILE_DIR)/Pods-MapApp-checkManifestLockResult.txt",
			);
			runOnlyForDeploymentPostprocessing = 0;
			shellPath = /bin/sh;
			shellScript = "diff \"${PODS_PODFILE_DIR_PATH}/Podfile.lock\" \"${PODS_ROOT}/Manifest.lock\" > /dev/null\nif [ $? != 0 ] ; then\n    # print error to STDERR\n    echo \"error: The sandbox is not in sync with the Podfile.lock. Run 'pod install' or update your CocoaPods installation.\" >&2\n    exit 1\nfi\n# This output is used by Xcode 'outputs' to avoid re-running this script phase.\necho \"SUCCESS\" > \"${SCRIPT_OUTPUT_FILE_0}\"\n";
			showEnvVarsInLog = 0;
		};
		A30CC1F4F94A1957EAF040DC /* [CP] Copy Pods Resources */ = {
			isa = PBXShellScriptBuildPhase;
			buildActionMask = 2147483647;
			files = (
			);
			inputFileListPaths = (
				"${PODS_ROOT}/Target Support Files/Pods-MapApp-MapAppUITests/Pods-MapApp-MapAppUITests-resources-${CONFIGURATION}-input-files.xcfilelist",
			);
			name = "[CP] Copy Pods Resources";
			outputFileListPaths = (
				"${PODS_ROOT}/Target Support Files/Pods-MapApp-MapAppUITests/Pods-MapApp-MapAppUITests-resources-${CONFIGURATION}-output-files.xcfilelist",
			);
			runOnlyForDeploymentPostprocessing = 0;
			shellPath = /bin/sh;
			shellScript = "\"${PODS_ROOT}/Target Support Files/Pods-MapApp-MapAppUITests/Pods-MapApp-MapAppUITests-resources.sh\"\n";
			showEnvVarsInLog = 0;
		};
		B9C89F1369368CED7E349438 /* [CP] Copy Pods Resources */ = {
			isa = PBXShellScriptBuildPhase;
			buildActionMask = 2147483647;
			files = (
			);
			inputFileListPaths = (
				"${PODS_ROOT}/Target Support Files/Pods-MapApp/Pods-MapApp-resources-${CONFIGURATION}-input-files.xcfilelist",
			);
			name = "[CP] Copy Pods Resources";
			outputFileListPaths = (
				"${PODS_ROOT}/Target Support Files/Pods-MapApp/Pods-MapApp-resources-${CONFIGURATION}-output-files.xcfilelist",
			);
			runOnlyForDeploymentPostprocessing = 0;
			shellPath = /bin/sh;
			shellScript = "\"${PODS_ROOT}/Target Support Files/Pods-MapApp/Pods-MapApp-resources.sh\"\n";
			showEnvVarsInLog = 0;
		};
		BA2CA80BC767651DABEAC89B /* [CP] Check Pods Manifest.lock */ = {
			isa = PBXShellScriptBuildPhase;
			buildActionMask = 2147483647;
			files = (
			);
			inputFileListPaths = (
			);
			inputPaths = (
				"${PODS_PODFILE_DIR_PATH}/Podfile.lock",
				"${PODS_ROOT}/Manifest.lock",
			);
			name = "[CP] Check Pods Manifest.lock";
			outputFileListPaths = (
			);
			outputPaths = (
				"$(DERIVED_FILE_DIR)/Pods-MapAppTests-checkManifestLockResult.txt",
			);
			runOnlyForDeploymentPostprocessing = 0;
			shellPath = /bin/sh;
			shellScript = "diff \"${PODS_PODFILE_DIR_PATH}/Podfile.lock\" \"${PODS_ROOT}/Manifest.lock\" > /dev/null\nif [ $? != 0 ] ; then\n    # print error to STDERR\n    echo \"error: The sandbox is not in sync with the Podfile.lock. Run 'pod install' or update your CocoaPods installation.\" >&2\n    exit 1\nfi\n# This output is used by Xcode 'outputs' to avoid re-running this script phase.\necho \"SUCCESS\" > \"${SCRIPT_OUTPUT_FILE_0}\"\n";
			showEnvVarsInLog = 0;
		};
		C6A9865E39C34A668B44FB52 /* [CP] Check Pods Manifest.lock */ = {
			isa = PBXShellScriptBuildPhase;
			buildActionMask = 2147483647;
			files = (
			);
			inputFileListPaths = (
			);
			inputPaths = (
				"${PODS_PODFILE_DIR_PATH}/Podfile.lock",
				"${PODS_ROOT}/Manifest.lock",
			);
			name = "[CP] Check Pods Manifest.lock";
			outputFileListPaths = (
			);
			outputPaths = (
				"$(DERIVED_FILE_DIR)/Pods-MapApp-MapAppUITests-checkManifestLockResult.txt",
			);
			runOnlyForDeploymentPostprocessing = 0;
			shellPath = /bin/sh;
			shellScript = "diff \"${PODS_PODFILE_DIR_PATH}/Podfile.lock\" \"${PODS_ROOT}/Manifest.lock\" > /dev/null\nif [ $? != 0 ] ; then\n    # print error to STDERR\n    echo \"error: The sandbox is not in sync with the Podfile.lock. Run 'pod install' or update your CocoaPods installation.\" >&2\n    exit 1\nfi\n# This output is used by Xcode 'outputs' to avoid re-running this script phase.\necho \"SUCCESS\" > \"${SCRIPT_OUTPUT_FILE_0}\"\n";
			showEnvVarsInLog = 0;
		};
/* End PBXShellScriptBuildPhase section */

/* Begin PBXSourcesBuildPhase section */
		4C51266F26D591AB003C9DD9 /* Sources */ = {
			isa = PBXSourcesBuildPhase;
			buildActionMask = 2147483647;
			files = (
				4C51267B26D591AB003C9DD9 /* ViewController.swift in Sources */,
				4C51267726D591AB003C9DD9 /* AppDelegate.swift in Sources */,
				4C51267926D591AB003C9DD9 /* SceneDelegate.swift in Sources */,
				4C5126A726D595C9003C9DD9 /* MapViewController.swift in Sources */,
			);
			runOnlyForDeploymentPostprocessing = 0;
		};
		4C51268526D591AC003C9DD9 /* Sources */ = {
			isa = PBXSourcesBuildPhase;
			buildActionMask = 2147483647;
			files = (
				4C51268E26D591AC003C9DD9 /* MapAppTests.swift in Sources */,
			);
			runOnlyForDeploymentPostprocessing = 0;
		};
		4C51269026D591AC003C9DD9 /* Sources */ = {
			isa = PBXSourcesBuildPhase;
			buildActionMask = 2147483647;
			files = (
				4C51269926D591AC003C9DD9 /* MapAppUITests.swift in Sources */,
			);
			runOnlyForDeploymentPostprocessing = 0;
		};
/* End PBXSourcesBuildPhase section */

/* Begin PBXTargetDependency section */
		4C51268B26D591AC003C9DD9 /* PBXTargetDependency */ = {
			isa = PBXTargetDependency;
			target = 4C51267226D591AB003C9DD9 /* MapApp */;
			targetProxy = 4C51268A26D591AC003C9DD9 /* PBXContainerItemProxy */;
		};
		4C51269626D591AC003C9DD9 /* PBXTargetDependency */ = {
			isa = PBXTargetDependency;
			target = 4C51267226D591AB003C9DD9 /* MapApp */;
			targetProxy = 4C51269526D591AC003C9DD9 /* PBXContainerItemProxy */;
		};
/* End PBXTargetDependency section */

/* Begin PBXVariantGroup section */
		4C51267C26D591AB003C9DD9 /* Main.storyboard */ = {
			isa = PBXVariantGroup;
			children = (
				4C51267D26D591AB003C9DD9 /* Base */,
			);
			name = Main.storyboard;
			sourceTree = "<group>";
		};
		4C51268126D591AB003C9DD9 /* LaunchScreen.storyboard */ = {
			isa = PBXVariantGroup;
			children = (
				4C51268226D591AB003C9DD9 /* Base */,
			);
			name = LaunchScreen.storyboard;
			sourceTree = "<group>";
		};
/* End PBXVariantGroup section */

/* Begin XCBuildConfiguration section */
		4C51269B26D591AC003C9DD9 /* Debug */ = {
			isa = XCBuildConfiguration;
			buildSettings = {
				ALWAYS_SEARCH_USER_PATHS = NO;
				CLANG_ANALYZER_NONNULL = YES;
				CLANG_ANALYZER_NUMBER_OBJECT_CONVERSION = YES_AGGRESSIVE;
				CLANG_CXX_LANGUAGE_STANDARD = "gnu++14";
				CLANG_CXX_LIBRARY = "libc++";
				CLANG_ENABLE_MODULES = YES;
				CLANG_ENABLE_OBJC_ARC = YES;
				CLANG_ENABLE_OBJC_WEAK = YES;
				CLANG_WARN_BLOCK_CAPTURE_AUTORELEASING = YES;
				CLANG_WARN_BOOL_CONVERSION = YES;
				CLANG_WARN_COMMA = YES;
				CLANG_WARN_CONSTANT_CONVERSION = YES;
				CLANG_WARN_DEPRECATED_OBJC_IMPLEMENTATIONS = YES;
				CLANG_WARN_DIRECT_OBJC_ISA_USAGE = YES_ERROR;
				CLANG_WARN_DOCUMENTATION_COMMENTS = YES;
				CLANG_WARN_EMPTY_BODY = YES;
				CLANG_WARN_ENUM_CONVERSION = YES;
				CLANG_WARN_INFINITE_RECURSION = YES;
				CLANG_WARN_INT_CONVERSION = YES;
				CLANG_WARN_NON_LITERAL_NULL_CONVERSION = YES;
				CLANG_WARN_OBJC_IMPLICIT_RETAIN_SELF = YES;
				CLANG_WARN_OBJC_LITERAL_CONVERSION = YES;
				CLANG_WARN_OBJC_ROOT_CLASS = YES_ERROR;
				CLANG_WARN_QUOTED_INCLUDE_IN_FRAMEWORK_HEADER = YES;
				CLANG_WARN_RANGE_LOOP_ANALYSIS = YES;
				CLANG_WARN_STRICT_PROTOTYPES = YES;
				CLANG_WARN_SUSPICIOUS_MOVE = YES;
				CLANG_WARN_UNGUARDED_AVAILABILITY = YES_AGGRESSIVE;
				CLANG_WARN_UNREACHABLE_CODE = YES;
				CLANG_WARN__DUPLICATE_METHOD_MATCH = YES;
				COPY_PHASE_STRIP = NO;
				DEBUG_INFORMATION_FORMAT = dwarf;
				ENABLE_STRICT_OBJC_MSGSEND = YES;
				ENABLE_TESTABILITY = YES;
				"EXCLUDED_ARCHS[sdk=iphoneos*]" = "i386 x86_64";
				"EXCLUDED_ARCHS[sdk=iphonesimulator*]" = "arm64 arm64e armv7 armv7s";
				GCC_C_LANGUAGE_STANDARD = gnu11;
				GCC_DYNAMIC_NO_PIC = NO;
				GCC_NO_COMMON_BLOCKS = YES;
				GCC_OPTIMIZATION_LEVEL = 0;
				GCC_PREPROCESSOR_DEFINITIONS = (
					"DEBUG=1",
					"$(inherited)",
				);
				GCC_WARN_64_TO_32_BIT_CONVERSION = YES;
				GCC_WARN_ABOUT_RETURN_TYPE = YES_ERROR;
				GCC_WARN_UNDECLARED_SELECTOR = YES;
				GCC_WARN_UNINITIALIZED_AUTOS = YES_AGGRESSIVE;
				GCC_WARN_UNUSED_FUNCTION = YES;
				GCC_WARN_UNUSED_VARIABLE = YES;
				IPHONEOS_DEPLOYMENT_TARGET = 14.5;
				MTL_ENABLE_DEBUG_INFO = INCLUDE_SOURCE;
				MTL_FAST_MATH = YES;
				ONLY_ACTIVE_ARCH = YES;
				SDKROOT = iphoneos;
				SWIFT_ACTIVE_COMPILATION_CONDITIONS = DEBUG;
				SWIFT_OPTIMIZATION_LEVEL = "-Onone";
			};
			name = Debug;
		};
		4C51269C26D591AC003C9DD9 /* Release */ = {
			isa = XCBuildConfiguration;
			buildSettings = {
				ALWAYS_SEARCH_USER_PATHS = NO;
				CLANG_ANALYZER_NONNULL = YES;
				CLANG_ANALYZER_NUMBER_OBJECT_CONVERSION = YES_AGGRESSIVE;
				CLANG_CXX_LANGUAGE_STANDARD = "gnu++14";
				CLANG_CXX_LIBRARY = "libc++";
				CLANG_ENABLE_MODULES = YES;
				CLANG_ENABLE_OBJC_ARC = YES;
				CLANG_ENABLE_OBJC_WEAK = YES;
				CLANG_WARN_BLOCK_CAPTURE_AUTORELEASING = YES;
				CLANG_WARN_BOOL_CONVERSION = YES;
				CLANG_WARN_COMMA = YES;
				CLANG_WARN_CONSTANT_CONVERSION = YES;
				CLANG_WARN_DEPRECATED_OBJC_IMPLEMENTATIONS = YES;
				CLANG_WARN_DIRECT_OBJC_ISA_USAGE = YES_ERROR;
				CLANG_WARN_DOCUMENTATION_COMMENTS = YES;
				CLANG_WARN_EMPTY_BODY = YES;
				CLANG_WARN_ENUM_CONVERSION = YES;
				CLANG_WARN_INFINITE_RECURSION = YES;
				CLANG_WARN_INT_CONVERSION = YES;
				CLANG_WARN_NON_LITERAL_NULL_CONVERSION = YES;
				CLANG_WARN_OBJC_IMPLICIT_RETAIN_SELF = YES;
				CLANG_WARN_OBJC_LITERAL_CONVERSION = YES;
				CLANG_WARN_OBJC_ROOT_CLASS = YES_ERROR;
				CLANG_WARN_QUOTED_INCLUDE_IN_FRAMEWORK_HEADER = YES;
				CLANG_WARN_RANGE_LOOP_ANALYSIS = YES;
				CLANG_WARN_STRICT_PROTOTYPES = YES;
				CLANG_WARN_SUSPICIOUS_MOVE = YES;
				CLANG_WARN_UNGUARDED_AVAILABILITY = YES_AGGRESSIVE;
				CLANG_WARN_UNREACHABLE_CODE = YES;
				CLANG_WARN__DUPLICATE_METHOD_MATCH = YES;
				COPY_PHASE_STRIP = NO;
				DEBUG_INFORMATION_FORMAT = "dwarf-with-dsym";
				ENABLE_NS_ASSERTIONS = NO;
				ENABLE_STRICT_OBJC_MSGSEND = YES;
				"EXCLUDED_ARCHS[sdk=iphoneos*]" = "i386 x86_64";
				"EXCLUDED_ARCHS[sdk=iphonesimulator*]" = "arm64 arm64e armv7 armv7s";
				GCC_C_LANGUAGE_STANDARD = gnu11;
				GCC_NO_COMMON_BLOCKS = YES;
				GCC_WARN_64_TO_32_BIT_CONVERSION = YES;
				GCC_WARN_ABOUT_RETURN_TYPE = YES_ERROR;
				GCC_WARN_UNDECLARED_SELECTOR = YES;
				GCC_WARN_UNINITIALIZED_AUTOS = YES_AGGRESSIVE;
				GCC_WARN_UNUSED_FUNCTION = YES;
				GCC_WARN_UNUSED_VARIABLE = YES;
				IPHONEOS_DEPLOYMENT_TARGET = 14.5;
				MTL_ENABLE_DEBUG_INFO = NO;
				MTL_FAST_MATH = YES;
				SDKROOT = iphoneos;
				SWIFT_COMPILATION_MODE = wholemodule;
				SWIFT_OPTIMIZATION_LEVEL = "-O";
				VALIDATE_PRODUCT = YES;
			};
			name = Release;
		};
		4C51269E26D591AC003C9DD9 /* Debug */ = {
			isa = XCBuildConfiguration;
			baseConfigurationReference = AD276D36258C3E14C05B2A6D /* Pods-MapApp.debug.xcconfig */;
			buildSettings = {
				ASSETCATALOG_COMPILER_APPICON_NAME = AppIcon;
				ASSETCATALOG_COMPILER_GLOBAL_ACCENT_COLOR_NAME = AccentColor;
				CODE_SIGN_STYLE = Automatic;
				DEVELOPMENT_TEAM = 97G4293L9V;
				"EXCLUDED_ARCHS[sdk=iphoneos*]" = "i386 x86_64";
				"EXCLUDED_ARCHS[sdk=iphonesimulator*]" = "arm64 arm64e armv7 armv7s";
				INFOPLIST_FILE = MapApp/Info.plist;
				LD_RUNPATH_SEARCH_PATHS = (
					"$(inherited)",
					"@executable_path/Frameworks",
				);
				PRODUCT_BUNDLE_IDENTIFIER = ilya.dyanov.MapApp;
				PRODUCT_NAME = "$(TARGET_NAME)";
				SWIFT_VERSION = 5.0;
				TARGETED_DEVICE_FAMILY = "1,2";
			};
			name = Debug;
		};
		4C51269F26D591AC003C9DD9 /* Release */ = {
			isa = XCBuildConfiguration;
			baseConfigurationReference = 67E8B7A4139E6C9B82BF51EE /* Pods-MapApp.release.xcconfig */;
			buildSettings = {
				ASSETCATALOG_COMPILER_APPICON_NAME = AppIcon;
				ASSETCATALOG_COMPILER_GLOBAL_ACCENT_COLOR_NAME = AccentColor;
				CODE_SIGN_STYLE = Automatic;
				DEVELOPMENT_TEAM = 97G4293L9V;
				"EXCLUDED_ARCHS[sdk=iphoneos*]" = "i386 x86_64";
				"EXCLUDED_ARCHS[sdk=iphonesimulator*]" = "arm64 arm64e armv7 armv7s";
				INFOPLIST_FILE = MapApp/Info.plist;
				LD_RUNPATH_SEARCH_PATHS = (
					"$(inherited)",
					"@executable_path/Frameworks",
				);
				PRODUCT_BUNDLE_IDENTIFIER = ilya.dyanov.MapApp;
				PRODUCT_NAME = "$(TARGET_NAME)";
				SWIFT_VERSION = 5.0;
				TARGETED_DEVICE_FAMILY = "1,2";
			};
			name = Release;
		};
		4C5126A126D591AC003C9DD9 /* Debug */ = {
			isa = XCBuildConfiguration;
			baseConfigurationReference = 11202ECDDBCFF3D9371D6230 /* Pods-MapAppTests.debug.xcconfig */;
			buildSettings = {
				ALWAYS_EMBED_SWIFT_STANDARD_LIBRARIES = YES;
				BUNDLE_LOADER = "$(TEST_HOST)";
				CODE_SIGN_STYLE = Automatic;
				INFOPLIST_FILE = MapAppTests/Info.plist;
				IPHONEOS_DEPLOYMENT_TARGET = 14.5;
				LD_RUNPATH_SEARCH_PATHS = (
					"$(inherited)",
					"@executable_path/Frameworks",
					"@loader_path/Frameworks",
				);
				PRODUCT_BUNDLE_IDENTIFIER = ilya.dyanov.MapAppTests;
				PRODUCT_NAME = "$(TARGET_NAME)";
				SWIFT_VERSION = 5.0;
				TARGETED_DEVICE_FAMILY = "1,2";
				TEST_HOST = "$(BUILT_PRODUCTS_DIR)/MapApp.app/MapApp";
			};
			name = Debug;
		};
		4C5126A226D591AC003C9DD9 /* Release */ = {
			isa = XCBuildConfiguration;
			baseConfigurationReference = 0D025A885F1491D10D40E127 /* Pods-MapAppTests.release.xcconfig */;
			buildSettings = {
				ALWAYS_EMBED_SWIFT_STANDARD_LIBRARIES = YES;
				BUNDLE_LOADER = "$(TEST_HOST)";
				CODE_SIGN_STYLE = Automatic;
				INFOPLIST_FILE = MapAppTests/Info.plist;
				IPHONEOS_DEPLOYMENT_TARGET = 14.5;
				LD_RUNPATH_SEARCH_PATHS = (
					"$(inherited)",
					"@executable_path/Frameworks",
					"@loader_path/Frameworks",
				);
				PRODUCT_BUNDLE_IDENTIFIER = ilya.dyanov.MapAppTests;
				PRODUCT_NAME = "$(TARGET_NAME)";
				SWIFT_VERSION = 5.0;
				TARGETED_DEVICE_FAMILY = "1,2";
				TEST_HOST = "$(BUILT_PRODUCTS_DIR)/MapApp.app/MapApp";
			};
			name = Release;
		};
		4C5126A426D591AC003C9DD9 /* Debug */ = {
			isa = XCBuildConfiguration;
			baseConfigurationReference = 2882D7FAC6CD18D2B30BE9FF /* Pods-MapApp-MapAppUITests.debug.xcconfig */;
			buildSettings = {
				ALWAYS_EMBED_SWIFT_STANDARD_LIBRARIES = YES;
				CODE_SIGN_STYLE = Automatic;
				INFOPLIST_FILE = MapAppUITests/Info.plist;
				LD_RUNPATH_SEARCH_PATHS = (
					"$(inherited)",
					"@executable_path/Frameworks",
					"@loader_path/Frameworks",
				);
				PRODUCT_BUNDLE_IDENTIFIER = ilya.dyanov.MapAppUITests;
				PRODUCT_NAME = "$(TARGET_NAME)";
				SWIFT_VERSION = 5.0;
				TARGETED_DEVICE_FAMILY = "1,2";
				TEST_TARGET_NAME = MapApp;
			};
			name = Debug;
		};
		4C5126A526D591AC003C9DD9 /* Release */ = {
			isa = XCBuildConfiguration;
			baseConfigurationReference = D185E33740D9213D47F781CA /* Pods-MapApp-MapAppUITests.release.xcconfig */;
			buildSettings = {
				ALWAYS_EMBED_SWIFT_STANDARD_LIBRARIES = YES;
				CODE_SIGN_STYLE = Automatic;
				INFOPLIST_FILE = MapAppUITests/Info.plist;
				LD_RUNPATH_SEARCH_PATHS = (
					"$(inherited)",
					"@executable_path/Frameworks",
					"@loader_path/Frameworks",
				);
				PRODUCT_BUNDLE_IDENTIFIER = ilya.dyanov.MapAppUITests;
				PRODUCT_NAME = "$(TARGET_NAME)";
				SWIFT_VERSION = 5.0;
				TARGETED_DEVICE_FAMILY = "1,2";
				TEST_TARGET_NAME = MapApp;
			};
			name = Release;
		};
/* End XCBuildConfiguration section */

/* Begin XCConfigurationList section */
		4C51266E26D591AB003C9DD9 /* Build configuration list for PBXProject "MapApp" */ = {
			isa = XCConfigurationList;
			buildConfigurations = (
				4C51269B26D591AC003C9DD9 /* Debug */,
				4C51269C26D591AC003C9DD9 /* Release */,
			);
			defaultConfigurationIsVisible = 0;
			defaultConfigurationName = Release;
		};
		4C51269D26D591AC003C9DD9 /* Build configuration list for PBXNativeTarget "MapApp" */ = {
			isa = XCConfigurationList;
			buildConfigurations = (
				4C51269E26D591AC003C9DD9 /* Debug */,
				4C51269F26D591AC003C9DD9 /* Release */,
			);
			defaultConfigurationIsVisible = 0;
			defaultConfigurationName = Release;
		};
		4C5126A026D591AC003C9DD9 /* Build configuration list for PBXNativeTarget "MapAppTests" */ = {
			isa = XCConfigurationList;
			buildConfigurations = (
				4C5126A126D591AC003C9DD9 /* Debug */,
				4C5126A226D591AC003C9DD9 /* Release */,
			);
			defaultConfigurationIsVisible = 0;
			defaultConfigurationName = Release;
		};
		4C5126A326D591AC003C9DD9 /* Build configuration list for PBXNativeTarget "MapAppUITests" */ = {
			isa = XCConfigurationList;
			buildConfigurations = (
				4C5126A426D591AC003C9DD9 /* Debug */,
				4C5126A526D591AC003C9DD9 /* Release */,
			);
			defaultConfigurationIsVisible = 0;
			defaultConfigurationName = Release;
		};
/* End XCConfigurationList section */
	};
	rootObject = 4C51266B26D591AB003C9DD9 /* Project object */;
}
